// !$*UTF8*$!
{
	archiveVersion = 1;
	classes = {
	};
	objectVersion = 46;
	objects = {

/* Begin PBXBuildFile section */
		550AB8A61CF0812A00338587 /* MBLCAppDelegate.m in Sources */ = {isa = PBXBuildFile; fileRef = 550AB8A51CF0812A00338587 /* MBLCAppDelegate.m */; };
		550AB8A91CF0812A00338587 /* HelperMain.m in Sources */ = {isa = PBXBuildFile; fileRef = 550AB8A81CF0812A00338587 /* HelperMain.m */; };
		550AB8AB1CF0812A00338587 /* HelperAssets.xcassets in Resources */ = {isa = PBXBuildFile; fileRef = 550AB8AA1CF0812A00338587 /* HelperAssets.xcassets */; };
		5589F7371CF263AC00ABD616 /* MBLCSettingsAppDelegate.m in Sources */ = {isa = PBXBuildFile; fileRef = 5589F7361CF263AC00ABD616 /* MBLCSettingsAppDelegate.m */; };
		5589F73A1CF263AC00ABD616 /* main.m in Sources */ = {isa = PBXBuildFile; fileRef = 5589F7391CF263AC00ABD616 /* main.m */; };
		5589F73C1CF263AC00ABD616 /* Assets.xcassets in Resources */ = {isa = PBXBuildFile; fileRef = 5589F73B1CF263AC00ABD616 /* Assets.xcassets */; };
		5589F73F1CF263AC00ABD616 /* MainMenu.xib in Resources */ = {isa = PBXBuildFile; fileRef = 5589F73D1CF263AC00ABD616 /* MainMenu.xib */; };
		5589F7461CF2655400ABD616 /* HelperMainMenu.xib in Resources */ = {isa = PBXBuildFile; fileRef = 5589F7441CF2655400ABD616 /* HelperMainMenu.xib */; };
		5589F74B1CF269F300ABD616 /* MenubarlessClock Helper.app in CopyFiles */ = {isa = PBXBuildFile; fileRef = 550AB8A11CF0812A00338587 /* MenubarlessClock Helper.app */; settings = {ATTRIBUTES = (RemoveHeadersOnCopy, ); }; };
		5589F74D1CF26C0000ABD616 /* ServiceManagement.framework in Frameworks */ = {isa = PBXBuildFile; fileRef = 5589F74C1CF26C0000ABD616 /* ServiceManagement.framework */; };
/* End PBXBuildFile section */

/* Begin PBXContainerItemProxy section */
		5589F7471CF2692A00ABD616 /* PBXContainerItemProxy */ = {
			isa = PBXContainerItemProxy;
			containerPortal = 550AB8991CF0812A00338587 /* Project object */;
			proxyType = 1;
			remoteGlobalIDString = 550AB8A01CF0812A00338587;
			remoteInfo = "MenubarlessClock Helper";
		};
/* End PBXContainerItemProxy section */

/* Begin PBXCopyFilesBuildPhase section */
		5589F74A1CF269C000ABD616 /* CopyFiles */ = {
			isa = PBXCopyFilesBuildPhase;
			buildActionMask = 2147483647;
			dstPath = ../Library/LoginItems;
			dstSubfolderSpec = 7;
			files = (
				5589F74B1CF269F300ABD616 /* MenubarlessClock Helper.app in CopyFiles */,
			);
			runOnlyForDeploymentPostprocessing = 0;
		};
/* End PBXCopyFilesBuildPhase section */

/* Begin PBXFileReference section */
		550AB8A11CF0812A00338587 /* MenubarlessClock Helper.app */ = {isa = PBXFileReference; explicitFileType = wrapper.application; includeInIndex = 0; path = "MenubarlessClock Helper.app"; sourceTree = BUILT_PRODUCTS_DIR; };
		550AB8A41CF0812A00338587 /* MBLCAppDelegate.h */ = {isa = PBXFileReference; lastKnownFileType = sourcecode.c.h; path = MBLCAppDelegate.h; sourceTree = "<group>"; };
		550AB8A51CF0812A00338587 /* MBLCAppDelegate.m */ = {isa = PBXFileReference; lastKnownFileType = sourcecode.c.objc; path = MBLCAppDelegate.m; sourceTree = "<group>"; };
		550AB8A81CF0812A00338587 /* HelperMain.m */ = {isa = PBXFileReference; lastKnownFileType = sourcecode.c.objc; path = HelperMain.m; sourceTree = "<group>"; };
		550AB8AA1CF0812A00338587 /* HelperAssets.xcassets */ = {isa = PBXFileReference; lastKnownFileType = folder.assetcatalog; path = HelperAssets.xcassets; sourceTree = "<group>"; };
		550AB8AF1CF0812A00338587 /* HelperInfo.plist */ = {isa = PBXFileReference; lastKnownFileType = text.plist.xml; path = HelperInfo.plist; sourceTree = "<group>"; };
		5589F7331CF263AC00ABD616 /* MenubarlessClock.app */ = {isa = PBXFileReference; explicitFileType = wrapper.application; includeInIndex = 0; path = MenubarlessClock.app; sourceTree = BUILT_PRODUCTS_DIR; };
		5589F7351CF263AC00ABD616 /* MBLCSettingsAppDelegate.h */ = {isa = PBXFileReference; lastKnownFileType = sourcecode.c.h; path = MBLCSettingsAppDelegate.h; sourceTree = "<group>"; };
		5589F7361CF263AC00ABD616 /* MBLCSettingsAppDelegate.m */ = {isa = PBXFileReference; lastKnownFileType = sourcecode.c.objc; path = MBLCSettingsAppDelegate.m; sourceTree = "<group>"; };
		5589F7391CF263AC00ABD616 /* main.m */ = {isa = PBXFileReference; lastKnownFileType = sourcecode.c.objc; path = main.m; sourceTree = "<group>"; };
		5589F73B1CF263AC00ABD616 /* Assets.xcassets */ = {isa = PBXFileReference; lastKnownFileType = folder.assetcatalog; path = Assets.xcassets; sourceTree = "<group>"; };
		5589F73E1CF263AC00ABD616 /* Base */ = {isa = PBXFileReference; lastKnownFileType = file.xib; name = Base; path = Base.lproj/MainMenu.xib; sourceTree = "<group>"; };
		5589F7401CF263AC00ABD616 /* Info.plist */ = {isa = PBXFileReference; lastKnownFileType = text.plist.xml; path = Info.plist; sourceTree = "<group>"; };
		5589F7451CF2655400ABD616 /* Base */ = {isa = PBXFileReference; lastKnownFileType = file.xib; name = Base; path = Base.lproj/HelperMainMenu.xib; sourceTree = "<group>"; };
		5589F74C1CF26C0000ABD616 /* ServiceManagement.framework */ = {isa = PBXFileReference; lastKnownFileType = wrapper.framework; name = ServiceManagement.framework; path = System/Library/Frameworks/ServiceManagement.framework; sourceTree = SDKROOT; };
/* End PBXFileReference section */

/* Begin PBXFrameworksBuildPhase section */
		550AB89E1CF0812A00338587 /* Frameworks */ = {
			isa = PBXFrameworksBuildPhase;
			buildActionMask = 2147483647;
			files = (
			);
			runOnlyForDeploymentPostprocessing = 0;
		};
		5589F7301CF263AC00ABD616 /* Frameworks */ = {
			isa = PBXFrameworksBuildPhase;
			buildActionMask = 2147483647;
			files = (
				5589F74D1CF26C0000ABD616 /* ServiceManagement.framework in Frameworks */,
			);
			runOnlyForDeploymentPostprocessing = 0;
		};
/* End PBXFrameworksBuildPhase section */

/* Begin PBXGroup section */
		550AB8981CF0812A00338587 = {
			isa = PBXGroup;
			children = (
				5589F74C1CF26C0000ABD616 /* ServiceManagement.framework */,
				550AB8A31CF0812A00338587 /* MenubarlessClock Helper */,
				5589F7341CF263AC00ABD616 /* MenubarlessClock */,
				550AB8A21CF0812A00338587 /* Products */,
			);
			sourceTree = "<group>";
		};
		550AB8A21CF0812A00338587 /* Products */ = {
			isa = PBXGroup;
			children = (
				550AB8A11CF0812A00338587 /* MenubarlessClock Helper.app */,
				5589F7331CF263AC00ABD616 /* MenubarlessClock.app */,
			);
			name = Products;
			sourceTree = "<group>";
		};
		550AB8A31CF0812A00338587 /* MenubarlessClock Helper */ = {
			isa = PBXGroup;
			children = (
				550AB8A41CF0812A00338587 /* MBLCAppDelegate.h */,
				550AB8A51CF0812A00338587 /* MBLCAppDelegate.m */,
				550AB8AA1CF0812A00338587 /* HelperAssets.xcassets */,
				550AB8AF1CF0812A00338587 /* HelperInfo.plist */,
				5589F7441CF2655400ABD616 /* HelperMainMenu.xib */,
				550AB8A71CF0812A00338587 /* Supporting Files */,
			);
			name = "MenubarlessClock Helper";
			path = MenubarlessClock;
			sourceTree = "<group>";
		};
		550AB8A71CF0812A00338587 /* Supporting Files */ = {
			isa = PBXGroup;
			children = (
				550AB8A81CF0812A00338587 /* HelperMain.m */,
			);
			name = "Supporting Files";
			sourceTree = "<group>";
		};
		5589F7341CF263AC00ABD616 /* MenubarlessClock */ = {
			isa = PBXGroup;
			children = (
				5589F7351CF263AC00ABD616 /* MBLCSettingsAppDelegate.h */,
				5589F7361CF263AC00ABD616 /* MBLCSettingsAppDelegate.m */,
				5589F73B1CF263AC00ABD616 /* Assets.xcassets */,
				5589F73D1CF263AC00ABD616 /* MainMenu.xib */,
				5589F7401CF263AC00ABD616 /* Info.plist */,
				5589F7381CF263AC00ABD616 /* Supporting Files */,
			);
			path = MenubarlessClock;
			sourceTree = "<group>";
		};
		5589F7381CF263AC00ABD616 /* Supporting Files */ = {
			isa = PBXGroup;
			children = (
				5589F7391CF263AC00ABD616 /* main.m */,
			);
			name = "Supporting Files";
			sourceTree = "<group>";
		};
/* End PBXGroup section */

/* Begin PBXNativeTarget section */
		550AB8A01CF0812A00338587 /* MenubarlessClock Helper */ = {
			isa = PBXNativeTarget;
			buildConfigurationList = 550AB8B21CF0812A00338587 /* Build configuration list for PBXNativeTarget "MenubarlessClock Helper" */;
			buildPhases = (
				550AB89D1CF0812A00338587 /* Sources */,
				550AB89E1CF0812A00338587 /* Frameworks */,
				550AB89F1CF0812A00338587 /* Resources */,
			);
			buildRules = (
			);
			dependencies = (
			);
			name = "MenubarlessClock Helper";
			productName = MenubarlessClock;
			productReference = 550AB8A11CF0812A00338587 /* MenubarlessClock Helper.app */;
			productType = "com.apple.product-type.application";
		};
		5589F7321CF263AC00ABD616 /* MenubarlessClock */ = {
			isa = PBXNativeTarget;
			buildConfigurationList = 5589F7411CF263AC00ABD616 /* Build configuration list for PBXNativeTarget "MenubarlessClock" */;
			buildPhases = (
				5589F72F1CF263AC00ABD616 /* Sources */,
				5589F7301CF263AC00ABD616 /* Frameworks */,
				5589F7311CF263AC00ABD616 /* Resources */,
				5589F74A1CF269C000ABD616 /* CopyFiles */,
			);
			buildRules = (
			);
			dependencies = (
				5589F7481CF2692A00ABD616 /* PBXTargetDependency */,
			);
			name = MenubarlessClock;
			productName = MenubarlessClock;
			productReference = 5589F7331CF263AC00ABD616 /* MenubarlessClock.app */;
			productType = "com.apple.product-type.application";
		};
/* End PBXNativeTarget section */

/* Begin PBXProject section */
		550AB8991CF0812A00338587 /* Project object */ = {
			isa = PBXProject;
			attributes = {
				LastUpgradeCheck = 0730;
				ORGANIZATIONNAME = "Uli Kusterer";
				TargetAttributes = {
					550AB8A01CF0812A00338587 = {
						CreatedOnToolsVersion = 7.3.1;
					};
					5589F7321CF263AC00ABD616 = {
						CreatedOnToolsVersion = 7.3.1;
					};
				};
			};
			buildConfigurationList = 550AB89C1CF0812A00338587 /* Build configuration list for PBXProject "MenubarlessClock" */;
			compatibilityVersion = "Xcode 3.2";
			developmentRegion = English;
			hasScannedForEncodings = 0;
			knownRegions = (
				en,
				Base,
			);
			mainGroup = 550AB8981CF0812A00338587;
			productRefGroup = 550AB8A21CF0812A00338587 /* Products */;
			projectDirPath = "";
			projectRoot = "";
			targets = (
				550AB8A01CF0812A00338587 /* MenubarlessClock Helper */,
				5589F7321CF263AC00ABD616 /* MenubarlessClock */,
			);
		};
/* End PBXProject section */

/* Begin PBXResourcesBuildPhase section */
		550AB89F1CF0812A00338587 /* Resources */ = {
			isa = PBXResourcesBuildPhase;
			buildActionMask = 2147483647;
			files = (
				550AB8AB1CF0812A00338587 /* HelperAssets.xcassets in Resources */,
				5589F7461CF2655400ABD616 /* HelperMainMenu.xib in Resources */,
			);
			runOnlyForDeploymentPostprocessing = 0;
		};
		5589F7311CF263AC00ABD616 /* Resources */ = {
			isa = PBXResourcesBuildPhase;
			buildActionMask = 2147483647;
			files = (
				5589F73C1CF263AC00ABD616 /* Assets.xcassets in Resources */,
				5589F73F1CF263AC00ABD616 /* MainMenu.xib in Resources */,
			);
			runOnlyForDeploymentPostprocessing = 0;
		};
/* End PBXResourcesBuildPhase section */

/* Begin PBXSourcesBuildPhase section */
		550AB89D1CF0812A00338587 /* Sources */ = {
			isa = PBXSourcesBuildPhase;
			buildActionMask = 2147483647;
			files = (
				550AB8A91CF0812A00338587 /* HelperMain.m in Sources */,
				550AB8A61CF0812A00338587 /* MBLCAppDelegate.m in Sources */,
			);
			runOnlyForDeploymentPostprocessing = 0;
		};
		5589F72F1CF263AC00ABD616 /* Sources */ = {
			isa = PBXSourcesBuildPhase;
			buildActionMask = 2147483647;
			files = (
				5589F73A1CF263AC00ABD616 /* main.m in Sources */,
				5589F7371CF263AC00ABD616 /* MBLCSettingsAppDelegate.m in Sources */,
			);
			runOnlyForDeploymentPostprocessing = 0;
		};
/* End PBXSourcesBuildPhase section */

/* Begin PBXTargetDependency section */
		5589F7481CF2692A00ABD616 /* PBXTargetDependency */ = {
			isa = PBXTargetDependency;
			target = 550AB8A01CF0812A00338587 /* MenubarlessClock Helper */;
			targetProxy = 5589F7471CF2692A00ABD616 /* PBXContainerItemProxy */;
		};
/* End PBXTargetDependency section */

/* Begin PBXVariantGroup section */
		5589F73D1CF263AC00ABD616 /* MainMenu.xib */ = {
			isa = PBXVariantGroup;
			children = (
				5589F73E1CF263AC00ABD616 /* Base */,
			);
			name = MainMenu.xib;
			sourceTree = "<group>";
		};
		5589F7441CF2655400ABD616 /* HelperMainMenu.xib */ = {
			isa = PBXVariantGroup;
			children = (
				5589F7451CF2655400ABD616 /* Base */,
			);
			name = HelperMainMenu.xib;
			sourceTree = "<group>";
		};
/* End PBXVariantGroup section */

/* Begin XCBuildConfiguration section */
		550AB8B01CF0812A00338587 /* Debug */ = {
			isa = XCBuildConfiguration;
			buildSettings = {
				ALWAYS_SEARCH_USER_PATHS = NO;
				CLANG_ANALYZER_NONNULL = YES;
				CLANG_CXX_LANGUAGE_STANDARD = "gnu++0x";
				CLANG_CXX_LIBRARY = "libc++";
				CLANG_ENABLE_MODULES = YES;
				CLANG_ENABLE_OBJC_ARC = YES;
				CLANG_WARN_BOOL_CONVERSION = YES;
				CLANG_WARN_CONSTANT_CONVERSION = YES;
				CLANG_WARN_DIRECT_OBJC_ISA_USAGE = YES_ERROR;
				CLANG_WARN_EMPTY_BODY = YES;
				CLANG_WARN_ENUM_CONVERSION = YES;
				CLANG_WARN_INT_CONVERSION = YES;
				CLANG_WARN_OBJC_ROOT_CLASS = YES_ERROR;
				CLANG_WARN_UNREACHABLE_CODE = YES;
				CLANG_WARN__DUPLICATE_METHOD_MATCH = YES;
				CODE_SIGN_IDENTITY = "-";
				COPY_PHASE_STRIP = NO;
				DEBUG_INFORMATION_FORMAT = dwarf;
				ENABLE_STRICT_OBJC_MSGSEND = YES;
				ENABLE_TESTABILITY = YES;
				GCC_C_LANGUAGE_STANDARD = gnu99;
				GCC_DYNAMIC_NO_PIC = NO;
				GCC_NO_COMMON_BLOCKS = YES;
				GCC_OPTIMIZATION_LEVEL = 0;
				GCC_PREPROCESSOR_DEFINITIONS = (
					"DEBUG=1",
					"$(inherited)",
				);
				GCC_WARN_64_TO_32_BIT_CONVERSION = YES;
				GCC_WARN_ABOUT_RETURN_TYPE = YES_ERROR;
				GCC_WARN_UNDECLARED_SELECTOR = YES;
				GCC_WARN_UNINITIALIZED_AUTOS = YES_AGGRESSIVE;
				GCC_WARN_UNUSED_FUNCTION = YES;
				GCC_WARN_UNUSED_VARIABLE = YES;
				MACOSX_DEPLOYMENT_TARGET = 10.11;
				MTL_ENABLE_DEBUG_INFO = YES;
				ONLY_ACTIVE_ARCH = YES;
				SDKROOT = macosx;
			};
			name = Debug;
		};
		550AB8B11CF0812A00338587 /* Release */ = {
			isa = XCBuildConfiguration;
			buildSettings = {
				ALWAYS_SEARCH_USER_PATHS = NO;
				CLANG_ANALYZER_NONNULL = YES;
				CLANG_CXX_LANGUAGE_STANDARD = "gnu++0x";
				CLANG_CXX_LIBRARY = "libc++";
				CLANG_ENABLE_MODULES = YES;
				CLANG_ENABLE_OBJC_ARC = YES;
				CLANG_WARN_BOOL_CONVERSION = YES;
				CLANG_WARN_CONSTANT_CONVERSION = YES;
				CLANG_WARN_DIRECT_OBJC_ISA_USAGE = YES_ERROR;
				CLANG_WARN_EMPTY_BODY = YES;
				CLANG_WARN_ENUM_CONVERSION = YES;
				CLANG_WARN_INT_CONVERSION = YES;
				CLANG_WARN_OBJC_ROOT_CLASS = YES_ERROR;
				CLANG_WARN_UNREACHABLE_CODE = YES;
				CLANG_WARN__DUPLICATE_METHOD_MATCH = YES;
				CODE_SIGN_IDENTITY = "-";
				COPY_PHASE_STRIP = NO;
				DEBUG_INFORMATION_FORMAT = "dwarf-with-dsym";
				ENABLE_NS_ASSERTIONS = NO;
				ENABLE_STRICT_OBJC_MSGSEND = YES;
				GCC_C_LANGUAGE_STANDARD = gnu99;
				GCC_NO_COMMON_BLOCKS = YES;
				GCC_WARN_64_TO_32_BIT_CONVERSION = YES;
				GCC_WARN_ABOUT_RETURN_TYPE = YES_ERROR;
				GCC_WARN_UNDECLARED_SELECTOR = YES;
				GCC_WARN_UNINITIALIZED_AUTOS = YES_AGGRESSIVE;
				GCC_WARN_UNUSED_FUNCTION = YES;
				GCC_WARN_UNUSED_VARIABLE = YES;
				MACOSX_DEPLOYMENT_TARGET = 10.11;
				MTL_ENABLE_DEBUG_INFO = NO;
				SDKROOT = macosx;
			};
			name = Release;
		};
		550AB8B31CF0812A00338587 /* Debug */ = {
			isa = XCBuildConfiguration;
			buildSettings = {
				ASSETCATALOG_COMPILER_APPICON_NAME = AppIcon;
				COMBINE_HIDPI_IMAGES = YES;
				INFOPLIST_FILE = MenubarlessClock/HelperInfo.plist;
				LD_RUNPATH_SEARCH_PATHS = "$(inherited) @executable_path/../Frameworks";
				PRODUCT_BUNDLE_IDENTIFIER = com.thevoidsoftware.MenubarlessClock.helper;
				PRODUCT_NAME = "MenubarlessClock Helper";
			};
			name = Debug;
		};
		550AB8B41CF0812A00338587 /* Release */ = {
			isa = XCBuildConfiguration;
			buildSettings = {
				ASSETCATALOG_COMPILER_APPICON_NAME = AppIcon;
				COMBINE_HIDPI_IMAGES = YES;
				INFOPLIST_FILE = MenubarlessClock/HelperInfo.plist;
				LD_RUNPATH_SEARCH_PATHS = "$(inherited) @executable_path/../Frameworks";
				PRODUCT_BUNDLE_IDENTIFIER = com.thevoidsoftware.MenubarlessClock.helper;
				PRODUCT_NAME = "MenubarlessClock Helper";
			};
			name = Release;
		};
		5589F7421CF263AC00ABD616 /* Debug */ = {
			isa = XCBuildConfiguration;
			buildSettings = {
				ASSETCATALOG_COMPILER_APPICON_NAME = AppIcon;
				COMBINE_HIDPI_IMAGES = YES;
				INFOPLIST_FILE = MenubarlessClock/Info.plist;
				LD_RUNPATH_SEARCH_PATHS = "$(inherited) @executable_path/../Frameworks";
				PRODUCT_BUNDLE_IDENTIFIER = com.thevoidsoftware.MenubarlessClock;
				PRODUCT_NAME = "$(TARGET_NAME)";
			};
			name = Debug;
		};
		5589F7431CF263AC00ABD616 /* Release */ = {
			isa = XCBuildConfiguration;
			buildSettings = {
				ASSETCATALOG_COMPILER_APPICON_NAME = AppIcon;
				COMBINE_HIDPI_IMAGES = YES;
				INFOPLIST_FILE = MenubarlessClock/Info.plist;
				LD_RUNPATH_SEARCH_PATHS = "$(inherited) @executable_path/../Frameworks";
				PRODUCT_BUNDLE_IDENTIFIER = com.thevoidsoftware.MenubarlessClock;
				PRODUCT_NAME = "$(TARGET_NAME)";
			};
			name = Release;
		};
/* End XCBuildConfiguration section */

/* Begin XCConfigurationList section */
		550AB89C1CF0812A00338587 /* Build configuration list for PBXProject "MenubarlessClock" */ = {
			isa = XCConfigurationList;
			buildConfigurations = (
				550AB8B01CF0812A00338587 /* Debug */,
				550AB8B11CF0812A00338587 /* Release */,
			);
			defaultConfigurationIsVisible = 0;
			defaultConfigurationName = Release;
		};
		550AB8B21CF0812A00338587 /* Build configuration list for PBXNativeTarget "MenubarlessClock Helper" */ = {
			isa = XCConfigurationList;
			buildConfigurations = (
				550AB8B31CF0812A00338587 /* Debug */,
				550AB8B41CF0812A00338587 /* Release */,
			);
			defaultConfigurationIsVisible = 0;
			defaultConfigurationName = Release;
		};
		5589F7411CF263AC00ABD616 /* Build configuration list for PBXNativeTarget "MenubarlessClock" */ = {
			isa = XCConfigurationList;
			buildConfigurations = (
				5589F7421CF263AC00ABD616 /* Debug */,
				5589F7431CF263AC00ABD616 /* Release */,
			);
			defaultConfigurationIsVisible = 0;
		};
/* End XCConfigurationList section */
	};
	rootObject = 550AB8991CF0812A00338587 /* Project object */;
}
